Microsoft Visual Studio Solution File, Format Version 12.00
# Visual Studio Version 17
VisualStudioVersion = 17.5.2.0
MinimumVisualStudioVersion = 10.0.40219.1
Project("{FAE04EC0-301F-11D3-BF4B-00C04F79EFBC}") = "IColorable", "IColorable.csproj", "{766520B4-C1E7-667A-9BE2-49B4ED9626DC}"
EndProject
Global
	GlobalSection(SolutionConfigurationPlatforms) = preSolution
		Debug|Any CPU = Debug|Any CPU
		Release|Any CPU = Release|Any CPU
	EndGlobalSection
	GlobalSection(ProjectConfigurationPlatforms) = postSolution
		{766520B4-C1E7-667A-9BE2-49B4ED9626DC}.Debug|Any CPU.ActiveCfg = Debug|Any CPU
		{766520B4-C1E7-667A-9BE2-49B4ED9626DC}.Debug|Any CPU.Build.0 = Debug|Any CPU
		{766520B4-C1E7-667A-9BE2-49B4ED9626DC}.Release|Any CPU.ActiveCfg = Release|Any CPU
		{766520B4-C1E7-667A-9BE2-49B4ED9626DC}.Release|Any CPU.Build.0 = Release|Any CPU
	EndGlobalSection
	GlobalSection(SolutionProperties) = preSolution
		HideSolutionNode = FALSE
	EndGlobalSection
	GlobalSection(ExtensibilityGlobals) = postSolution
		SolutionGuid = {7849BAFD-D5E6-49C4-97C0-9519C5A26252}
	EndGlobalSection
EndGlobal
